
Microsoft Visual Studio Solution File, Format Version 12.00
# Visual Studio Version 17
VisualStudioVersion = 17.5.002.0
MinimumVisualStudioVersion = 10.0.40219.1
Project("{9A19103F-16F7-4668-BE54-9A1E7A4F7556}") = "WorldOfZuul", "WorldOfZuul\WorldOfZuul.csproj", "{CF23FF1C-2504-4E61-84D9-E2E5FD466DAF}"
EndProject
Global
	GlobalSection(SolutionConfigurationPlatforms) = preSolution
		Debug|Any CPU = Debug|Any CPU
		Release|Any CPU = Release|Any CPU
	EndGlobalSection
	GlobalSection(ProjectConfigurationPlatforms) = postSolution
		{CF23FF1C-2504-4E61-84D9-E2E5FD466DAF}.Debug|Any CPU.ActiveCfg = Debug|Any CPU
		{CF23FF1C-2504-4E61-84D9-E2E5FD466DAF}.Debug|Any CPU.Build.0 = Debug|Any CPU
		{CF23FF1C-2504-4E61-84D9-E2E5FD466DAF}.Release|Any CPU.ActiveCfg = Release|Any CPU
		{CF23FF1C-2504-4E61-84D9-E2E5FD466DAF}.Release|Any CPU.Build.0 = Release|Any CPU
	EndGlobalSection
	GlobalSection(SolutionProperties) = preSolution
		HideSolutionNode = FALSE
	EndGlobalSection
	GlobalSection(ExtensibilityGlobals) = postSolution
		SolutionGuid = {77B8AF51-396C-497D-B0E3-CF6FDBACC780}
	EndGlobalSection
EndGlobal
